{
  "name": "LeftoverPastaJS",
  "lockfileVersion": 3,
  "requires": true,
  "packages": {
    "": {
      "dependencies": {
        "webchuck": "^1.2.9"
      }
    },
    "node_modules/webchuck": {
      "version": "1.2.9",
      "resolved": "https://registry.npmjs.org/webchuck/-/webchuck-1.2.9.tgz",
      "integrity": "sha512-zVEGyxEWQqb4D8bpRYMkWPWaYQpihYT48ak+xNusKD318pfuLwJfN4pUnpIX6S0WSsQBjBR3Whek0c0F0DCrhQ=="
    }
  }
}
